
Microsoft Visual Studio Solution File, Format Version 12.00
# Visual Studio Version 17
VisualStudioVersion = 17.0.31903.59
MinimumVisualStudioVersion = 10.0.40219.1
Project("{2150E333-8FDC-42A3-9474-1A3956D46DE8}") = "src", "src", "{827E0CD3-B72D-47B6-A68D-7590B98EB39B}"
EndProject
Project("{FAE04EC0-301F-11D3-BF4B-00C04F79EFBC}") = "MessengerWebhook", "src\MessengerWebhook\MessengerWebhook.csproj", "{4EC12F92-1F4B-4DCA-8393-EBE0DBBE2B3E}"
EndProject
Project("{2150E333-8FDC-42A3-9474-1A3956D46DE8}") = "tests", "tests", "{0AB3BF05-4346-4AA6-1389-037BE0695223}"
EndProject
Project("{FAE04EC0-301F-11D3-BF4B-00C04F79EFBC}") = "MessengerWebhook.UnitTests", "tests\MessengerWebhook.UnitTests\MessengerWebhook.UnitTests.csproj", "{74314A12-D0A5-4491-88CC-75CB62B7ACB0}"
EndProject
Project("{FAE04EC0-301F-11D3-BF4B-00C04F79EFBC}") = "MessengerWebhook.IntegrationTests", "tests\MessengerWebhook.IntegrationTests\MessengerWebhook.IntegrationTests.csproj", "{4645C8D3-C9A0-4FAD-9A6E-363DA20B80F0}"
EndProject
Global
	GlobalSection(SolutionConfigurationPlatforms) = preSolution
		Debug|Any CPU = Debug|Any CPU
		Debug|x64 = Debug|x64
		Debug|x86 = Debug|x86
		Release|Any CPU = Release|Any CPU
		Release|x64 = Release|x64
		Release|x86 = Release|x86
	EndGlobalSection
	GlobalSection(ProjectConfigurationPlatforms) = postSolution
		{4EC12F92-1F4B-4DCA-8393-EBE0DBBE2B3E}.Debug|Any CPU.ActiveCfg = Debug|Any CPU
		{4EC12F92-1F4B-4DCA-8393-EBE0DBBE2B3E}.Debug|Any CPU.Build.0 = Debug|Any CPU
		{4EC12F92-1F4B-4DCA-8393-EBE0DBBE2B3E}.Debug|x64.ActiveCfg = Debug|Any CPU
		{4EC12F92-1F4B-4DCA-8393-EBE0DBBE2B3E}.Debug|x64.Build.0 = Debug|Any CPU
		{4EC12F92-1F4B-4DCA-8393-EBE0DBBE2B3E}.Debug|x86.ActiveCfg = Debug|Any CPU
		{4EC12F92-1F4B-4DCA-8393-EBE0DBBE2B3E}.Debug|x86.Build.0 = Debug|Any CPU
		{4EC12F92-1F4B-4DCA-8393-EBE0DBBE2B3E}.Release|Any CPU.ActiveCfg = Release|Any CPU
		{4EC12F92-1F4B-4DCA-8393-EBE0DBBE2B3E}.Release|Any CPU.Build.0 = Release|Any CPU
		{4EC12F92-1F4B-4DCA-8393-EBE0DBBE2B3E}.Release|x64.ActiveCfg = Release|Any CPU
		{4EC12F92-1F4B-4DCA-8393-EBE0DBBE2B3E}.Release|x64.Build.0 = Release|Any CPU
		{4EC12F92-1F4B-4DCA-8393-EBE0DBBE2B3E}.Release|x86.ActiveCfg = Release|Any CPU
		{4EC12F92-1F4B-4DCA-8393-EBE0DBBE2B3E}.Release|x86.Build.0 = Release|Any CPU
		{74314A12-D0A5-4491-88CC-75CB62B7ACB0}.Debug|Any CPU.ActiveCfg = Debug|Any CPU
		{74314A12-D0A5-4491-88CC-75CB62B7ACB0}.Debug|Any CPU.Build.0 = Debug|Any CPU
		{74314A12-D0A5-4491-88CC-75CB62B7ACB0}.Debug|x64.ActiveCfg = Debug|Any CPU
		{74314A12-D0A5-4491-88CC-75CB62B7ACB0}.Debug|x64.Build.0 = Debug|Any CPU
		{74314A12-D0A5-4491-88CC-75CB62B7ACB0}.Debug|x86.ActiveCfg = Debug|Any CPU
		{74314A12-D0A5-4491-88CC-75CB62B7ACB0}.Debug|x86.Build.0 = Debug|Any CPU
		{74314A12-D0A5-4491-88CC-75CB62B7ACB0}.Release|Any CPU.ActiveCfg = Release|Any CPU
		{74314A12-D0A5-4491-88CC-75CB62B7ACB0}.Release|Any CPU.Build.0 = Release|Any CPU
		{74314A12-D0A5-4491-88CC-75CB62B7ACB0}.Release|x64.ActiveCfg = Release|Any CPU
		{74314A12-D0A5-4491-88CC-75CB62B7ACB0}.Release|x64.Build.0 = Release|Any CPU
		{74314A12-D0A5-4491-88CC-75CB62B7ACB0}.Release|x86.ActiveCfg = Release|Any CPU
		{74314A12-D0A5-4491-88CC-75CB62B7ACB0}.Release|x86.Build.0 = Release|Any CPU
		{4645C8D3-C9A0-4FAD-9A6E-363DA20B80F0}.Debug|Any CPU.ActiveCfg = Debug|Any CPU
		{4645C8D3-C9A0-4FAD-9A6E-363DA20B80F0}.Debug|Any CPU.Build.0 = Debug|Any CPU
		{4645C8D3-C9A0-4FAD-9A6E-363DA20B80F0}.Debug|x64.ActiveCfg = Debug|Any CPU
		{4645C8D3-C9A0-4FAD-9A6E-363DA20B80F0}.Debug|x64.Build.0 = Debug|Any CPU
		{4645C8D3-C9A0-4FAD-9A6E-363DA20B80F0}.Debug|x86.ActiveCfg = Debug|Any CPU
		{4645C8D3-C9A0-4FAD-9A6E-363DA20B80F0}.Debug|x86.Build.0 = Debug|Any CPU
		{4645C8D3-C9A0-4FAD-9A6E-363DA20B80F0}.Release|Any CPU.ActiveCfg = Release|Any CPU
		{4645C8D3-C9A0-4FAD-9A6E-363DA20B80F0}.Release|Any CPU.Build.0 = Release|Any CPU
		{4645C8D3-C9A0-4FAD-9A6E-363DA20B80F0}.Release|x64.ActiveCfg = Release|Any CPU
		{4645C8D3-C9A0-4FAD-9A6E-363DA20B80F0}.Release|x64.Build.0 = Release|Any CPU
		{4645C8D3-C9A0-4FAD-9A6E-363DA20B80F0}.Release|x86.ActiveCfg = Release|Any CPU
		{4645C8D3-C9A0-4FAD-9A6E-363DA20B80F0}.Release|x86.Build.0 = Release|Any CPU
	EndGlobalSection
	GlobalSection(SolutionProperties) = preSolution
		HideSolutionNode = FALSE
	EndGlobalSection
	GlobalSection(NestedProjects) = preSolution
		{4EC12F92-1F4B-4DCA-8393-EBE0DBBE2B3E} = {827E0CD3-B72D-47B6-A68D-7590B98EB39B}
		{74314A12-D0A5-4491-88CC-75CB62B7ACB0} = {0AB3BF05-4346-4AA6-1389-037BE0695223}
		{4645C8D3-C9A0-4FAD-9A6E-363DA20B80F0} = {0AB3BF05-4346-4AA6-1389-037BE0695223}
	EndGlobalSection
EndGlobal
